PODS:
  - Alamofire (4.9.1)
  - lottie-ios (3.1.5)
  - Moya/Core (13.0.1):
    - Alamofire (~> 4.1)
    - Result (~> 4.1)
  - Moya/RxSwift (13.0.1):
    - Moya/Core
    - RxSwift (~> 4.0)
  - ObjectMapper (3.5.1)
  - R.swift (5.1.0):
    - R.swift.Library (~> 5.1.0)
  - R.swift.Library (5.1.0)
  - ReachabilitySwift (5.0.0)
  - Result (4.1.0)
  - Reusable (4.1.0):
    - Reusable/Storyboard (= 4.1.0)
    - Reusable/View (= 4.1.0)
  - Reusable/Storyboard (4.1.0)
  - Reusable/View (4.1.0)
  - RxCocoa (4.5.0):
    - RxSwift (>= 4.4.2, ~> 4.4)
  - RxGesture (2.2.0):
    - RxCocoa (~> 4.5)
    - RxSwift (~> 4.5)
  - RxSwift (4.5.0)
  - RxSwiftExt (3.4.0):
    - RxSwiftExt/Core (= 3.4.0)
    - RxSwiftExt/RxCocoa (= 3.4.0)
  - RxSwiftExt/Core (3.4.0):
    - RxSwift (~> 4.0)
  - RxSwiftExt/RxCocoa (3.4.0):
    - RxCocoa (~> 4.0)
    - RxSwiftExt/Core
  - RxSwiftUtilities (2.0.1):
    - RxCocoa (~> 4.0)
    - RxSwift (~> 4.0)
  - SwiftLint (0.38.2)
  - Swinject (2.0.0)

DEPENDENCIES:
  - lottie-ios
  - Moya/RxSwift
  - ObjectMapper
  - R.swift
  - ReachabilitySwift
  - Reusable
  - RxCocoa
  - RxGesture
  - RxSwift
  - RxSwiftExt
  - RxSwiftUtilities (~> 2.0.1)
  - SwiftLint
  - Swinject (~> 2.0.0)

SPEC REPOS:
  trunk:
    - Alamofire
    - lottie-ios
    - Moya
    - ObjectMapper
    - R.swift
    - R.swift.Library
    - ReachabilitySwift
    - Result
    - Reusable
    - RxCocoa
    - RxGesture
    - RxSwift
    - RxSwiftExt
    - RxSwiftUtilities
    - SwiftLint
    - Swinject

SPEC CHECKSUMS:
  Alamofire: 85e8a02c69d6020a0d734f6054870d7ecb75cf18
  lottie-ios: 32bf84389337d86fbc8b12266e88452e0abf1dee
  Moya: f4a4b80ff2f8a4ffc208dfb31cd91636622fee6e
  ObjectMapper: 70187b8941977c62ccfb423caf6b50be405cabf0
  R.swift: 8cbc4fc69b740305b6a17c8a8ed968eb788962d9
  R.swift.Library: fa85ce1e0d0b7e818cd9e080df910ba54d2776cc
  ReachabilitySwift: 985039c6f7b23a1da463388634119492ff86c825
  Result: bd966fac789cc6c1563440b348ab2598cc24d5c7
  Reusable: 82be188f29d96dc5eff0db7b2393bcc08d2cdd5b
  RxCocoa: cbf70265dc65a981d4ac982e513c10cf23df24a0
  RxGesture: c1b7bf17166b0ef9d642a9510f8bac5785f18990
  RxSwift: f172070dfd1a93d70a9ab97a5a01166206e1c575
  RxSwiftExt: 01f8ecbeeb355698e9c75365ebe908b00dacf45d
  RxSwiftUtilities: 0edb01ef16c527c10fb352485b62cbd951e4a04d
  SwiftLint: 8f5d2f903e1c9bcbc832fd16771e80a263ac6cbb
  Swinject: 2e964a80d70ab09b3949c99032711f89147bfd60

PODFILE CHECKSUM: d040dfdf7a64542beecb267cddd39991a5d16bcb

COCOAPODS: 1.8.4
